
Microsoft Visual Studio Solution File, Format Version 12.00
# Visual Studio Version 17
VisualStudioVersion = 17.5.33424.131
MinimumVisualStudioVersion = 10.0.40219.1
Project("{FAE04EC0-301F-11D3-BF4B-00C04F79EFBC}") = "fukuv0615", "fukuv0615\fukuv0615.csproj", "{C334D410-A511-4E26-A063-D655F8F4EEBE}"
EndProject
Global
	GlobalSection(SolutionConfigurationPlatforms) = preSolution
		Debug|Any CPU = Debug|Any CPU
		Release|Any CPU = Release|Any CPU
	EndGlobalSection
	GlobalSection(ProjectConfigurationPlatforms) = postSolution
		{C334D410-A511-4E26-A063-D655F8F4EEBE}.Debug|Any CPU.ActiveCfg = Debug|Any CPU
		{C334D410-A511-4E26-A063-D655F8F4EEBE}.Debug|Any CPU.Build.0 = Debug|Any CPU
		{C334D410-A511-4E26-A063-D655F8F4EEBE}.Release|Any CPU.ActiveCfg = Release|Any CPU
		{C334D410-A511-4E26-A063-D655F8F4EEBE}.Release|Any CPU.Build.0 = Release|Any CPU
	EndGlobalSection
	GlobalSection(SolutionProperties) = preSolution
		HideSolutionNode = FALSE
	EndGlobalSection
	GlobalSection(ExtensibilityGlobals) = postSolution
		SolutionGuid = {C8B1FE98-D6C4-4CD6-B095-B19B4FBCF691}
	EndGlobalSection
EndGlobal
